
Microsoft Visual Studio Solution File, Format Version 12.00
# Visual Studio Version 16
VisualStudioVersion = 25.0.1704.2
MinimumVisualStudioVersion = 10.0.40219.1
Project("{FAE04EC0-301F-11D3-BF4B-00C04F79EFBC}") = "firstprojet", "firstprojet\firstprojet.csproj", "{176780D6-5988-443C-BBFA-F6F567AE32AB}"
EndProject
Global
	GlobalSection(SolutionConfigurationPlatforms) = preSolution
		Debug|Any CPU = Debug|Any CPU
		Release|Any CPU = Release|Any CPU
	EndGlobalSection
	GlobalSection(ProjectConfigurationPlatforms) = postSolution
		{176780D6-5988-443C-BBFA-F6F567AE32AB}.Debug|Any CPU.ActiveCfg = Debug|Any CPU
		{176780D6-5988-443C-BBFA-F6F567AE32AB}.Debug|Any CPU.Build.0 = Debug|Any CPU
		{176780D6-5988-443C-BBFA-F6F567AE32AB}.Release|Any CPU.ActiveCfg = Release|Any CPU
		{176780D6-5988-443C-BBFA-F6F567AE32AB}.Release|Any CPU.Build.0 = Release|Any CPU
	EndGlobalSection
	GlobalSection(SolutionProperties) = preSolution
		HideSolutionNode = FALSE
	EndGlobalSection
	GlobalSection(ExtensibilityGlobals) = postSolution
		SolutionGuid = {349C5396-40A1-44B4-9B4F-0B168CA5350D}
	EndGlobalSection
EndGlobal
